
Microsoft Visual Studio Solution File, Format Version 12.00
# Visual Studio Version 17
VisualStudioVersion = 17.6.33712.159
MinimumVisualStudioVersion = 10.0.40219.1
Project("{9A19103F-16F7-4668-BE54-9A1E7A4F7556}") = "CustomerApp", "CustomerApp.csproj", "{270A8BEF-AFBD-4622-B56F-84A735B74A1B}"
EndProject
Global
	GlobalSection(SolutionConfigurationPlatforms) = preSolution
		Debug|Any CPU = Debug|Any CPU
		Release|Any CPU = Release|Any CPU
	EndGlobalSection
	GlobalSection(ProjectConfigurationPlatforms) = postSolution
		{270A8BEF-AFBD-4622-B56F-84A735B74A1B}.Debug|Any CPU.ActiveCfg = Debug|Any CPU
		{270A8BEF-AFBD-4622-B56F-84A735B74A1B}.Debug|Any CPU.Build.0 = Debug|Any CPU
		{270A8BEF-AFBD-4622-B56F-84A735B74A1B}.Release|Any CPU.ActiveCfg = Release|Any CPU
		{270A8BEF-AFBD-4622-B56F-84A735B74A1B}.Release|Any CPU.Build.0 = Release|Any CPU
	EndGlobalSection
	GlobalSection(SolutionProperties) = preSolution
		HideSolutionNode = FALSE
	EndGlobalSection
	GlobalSection(ExtensibilityGlobals) = postSolution
		SolutionGuid = {B7B0EF4A-DD6F-4A36-8A8C-2BC0BA7C7F1A}
	EndGlobalSection
EndGlobal
